
Microsoft Visual Studio Solution File, Format Version 12.00
# Visual Studio 15
VisualStudioVersion = 15.0.28307.1000
MinimumVisualStudioVersion = 10.0.40219.1
Project("{FAE04EC0-301F-11D3-BF4B-00C04F79EFBC}") = "Logín.Android", "Logín\Logín.Android\Logín.Android.csproj", "{5464B5E7-6D2E-4F3C-98A9-A68B42A54054}"
EndProject
Project("{FAE04EC0-301F-11D3-BF4B-00C04F79EFBC}") = "Logín.iOS", "Logín\Logín.iOS\Logín.iOS.csproj", "{BE7C444D-4CEB-48D8-AE1C-B26D689F2132}"
EndProject
Project("{FAE04EC0-301F-11D3-BF4B-00C04F79EFBC}") = "Logín.UWP", "Logín\Logín.UWP\Logín.UWP.csproj", "{BACD526B-B944-4D6C-A9BF-E21160FCA3AD}"
EndProject
Project("{9A19103F-16F7-4668-BE54-9A1E7A4F7556}") = "Logín", "Logín\Logín\Logín.csproj", "{A7225EF6-FB32-48E1-8287-E0A809DC7724}"
EndProject
Global
	GlobalSection(SolutionConfigurationPlatforms) = preSolution
		Ad-Hoc|Any CPU = Ad-Hoc|Any CPU
		Ad-Hoc|ARM = Ad-Hoc|ARM
		Ad-Hoc|iPhone = Ad-Hoc|iPhone
		Ad-Hoc|iPhoneSimulator = Ad-Hoc|iPhoneSimulator
		Ad-Hoc|x64 = Ad-Hoc|x64
		Ad-Hoc|x86 = Ad-Hoc|x86
		AppStore|Any CPU = AppStore|Any CPU
		AppStore|ARM = AppStore|ARM
		AppStore|iPhone = AppStore|iPhone
		AppStore|iPhoneSimulator = AppStore|iPhoneSimulator
		AppStore|x64 = AppStore|x64
		AppStore|x86 = AppStore|x86
		Debug|Any CPU = Debug|Any CPU
		Debug|ARM = Debug|ARM
		Debug|iPhone = Debug|iPhone
		Debug|iPhoneSimulator = Debug|iPhoneSimulator
		Debug|x64 = Debug|x64
		Debug|x86 = Debug|x86
		Release|Any CPU = Release|Any CPU
		Release|ARM = Release|ARM
		Release|iPhone = Release|iPhone
		Release|iPhoneSimulator = Release|iPhoneSimulator
		Release|x64 = Release|x64
		Release|x86 = Release|x86
	EndGlobalSection
	GlobalSection(ProjectConfigurationPlatforms) = postSolution
		{5464B5E7-6D2E-4F3C-98A9-A68B42A54054}.Ad-Hoc|Any CPU.ActiveCfg = Release|Any CPU
		{5464B5E7-6D2E-4F3C-98A9-A68B42A54054}.Ad-Hoc|Any CPU.Build.0 = Release|Any CPU
		{5464B5E7-6D2E-4F3C-98A9-A68B42A54054}.Ad-Hoc|Any CPU.Deploy.0 = Release|Any CPU
		{5464B5E7-6D2E-4F3C-98A9-A68B42A54054}.Ad-Hoc|ARM.ActiveCfg = Release|Any CPU
		{5464B5E7-6D2E-4F3C-98A9-A68B42A54054}.Ad-Hoc|ARM.Build.0 = Release|Any CPU
		{5464B5E7-6D2E-4F3C-98A9-A68B42A54054}.Ad-Hoc|ARM.Deploy.0 = Release|Any CPU
		{5464B5E7-6D2E-4F3C-98A9-A68B42A54054}.Ad-Hoc|iPhone.ActiveCfg = Release|Any CPU
		{5464B5E7-6D2E-4F3C-98A9-A68B42A54054}.Ad-Hoc|iPhone.Build.0 = Release|Any CPU
		{5464B5E7-6D2E-4F3C-98A9-A68B42A54054}.Ad-Hoc|iPhone.Deploy.0 = Release|Any CPU
		{5464B5E7-6D2E-4F3C-98A9-A68B42A54054}.Ad-Hoc|iPhoneSimulator.ActiveCfg = Release|Any CPU
		{5464B5E7-6D2E-4F3C-98A9-A68B42A54054}.Ad-Hoc|iPhoneSimulator.Build.0 = Release|Any CPU
		{5464B5E7-6D2E-4F3C-98A9-A68B42A54054}.Ad-Hoc|iPhoneSimulator.Deploy.0 = Release|Any CPU
		{5464B5E7-6D2E-4F3C-98A9-A68B42A54054}.Ad-Hoc|x64.ActiveCfg = Release|Any CPU
		{5464B5E7-6D2E-4F3C-98A9-A68B42A54054}.Ad-Hoc|x64.Build.0 = Release|Any CPU
		{5464B5E7-6D2E-4F3C-98A9-A68B42A54054}.Ad-Hoc|x64.Deploy.0 = Release|Any CPU
		{5464B5E7-6D2E-4F3C-98A9-A68B42A54054}.Ad-Hoc|x86.ActiveCfg = Release|Any CPU
		{5464B5E7-6D2E-4F3C-98A9-A68B42A54054}.Ad-Hoc|x86.Build.0 = Release|Any CPU
		{5464B5E7-6D2E-4F3C-98A9-A68B42A54054}.Ad-Hoc|x86.Deploy.0 = Release|Any CPU
		{5464B5E7-6D2E-4F3C-98A9-A68B42A54054}.AppStore|Any CPU.ActiveCfg = Release|Any CPU
		{5464B5E7-6D2E-4F3C-98A9-A68B42A54054}.AppStore|Any CPU.Build.0 = Release|Any CPU
		{5464B5E7-6D2E-4F3C-98A9-A68B42A54054}.AppStore|Any CPU.Deploy.0 = Release|Any CPU
		{5464B5E7-6D2E-4F3C-98A9-A68B42A54054}.AppStore|ARM.ActiveCfg = Release|Any CPU
		{5464B5E7-6D2E-4F3C-98A9-A68B42A54054}.AppStore|ARM.Build.0 = Release|Any CPU
		{5464B5E7-6D2E-4F3C-98A9-A68B42A54054}.AppStore|ARM.Deploy.0 = Release|Any CPU
		{5464B5E7-6D2E-4F3C-98A9-A68B42A54054}.AppStore|iPhone.ActiveCfg = Release|Any CPU
		{5464B5E7-6D2E-4F3C-98A9-A68B42A54054}.AppStore|iPhone.Build.0 = Release|Any CPU
		{5464B5E7-6D2E-4F3C-98A9-A68B42A54054}.AppStore|iPhone.Deploy.0 = Release|Any CPU
		{5464B5E7-6D2E-4F3C-98A9-A68B42A54054}.AppStore|iPhoneSimulator.ActiveCfg = Release|Any CPU
		{5464B5E7-6D2E-4F3C-98A9-A68B42A54054}.AppStore|iPhoneSimulator.Build.0 = Release|Any CPU
		{5464B5E7-6D2E-4F3C-98A9-A68B42A54054}.AppStore|iPhoneSimulator.Deploy.0 = Release|Any CPU
		{5464B5E7-6D2E-4F3C-98A9-A68B42A54054}.AppStore|x64.ActiveCfg = Release|Any CPU
		{5464B5E7-6D2E-4F3C-98A9-A68B42A54054}.AppStore|x64.Build.0 = Release|Any CPU
		{5464B5E7-6D2E-4F3C-98A9-A68B42A54054}.AppStore|x64.Deploy.0 = Release|Any CPU
		{5464B5E7-6D2E-4F3C-98A9-A68B42A54054}.AppStore|x86.ActiveCfg = Release|Any CPU
		{5464B5E7-6D2E-4F3C-98A9-A68B42A54054}.AppStore|x86.Build.0 = Release|Any CPU
		{5464B5E7-6D2E-4F3C-98A9-A68B42A54054}.AppStore|x86.Deploy.0 = Release|Any CPU
		{5464B5E7-6D2E-4F3C-98A9-A68B42A54054}.Debug|Any CPU.ActiveCfg = Debug|Any CPU
		{5464B5E7-6D2E-4F3C-98A9-A68B42A54054}.Debug|Any CPU.Build.0 = Debug|Any CPU
		{5464B5E7-6D2E-4F3C-98A9-A68B42A54054}.Debug|Any CPU.Deploy.0 = Debug|Any CPU
		{5464B5E7-6D2E-4F3C-98A9-A68B42A54054}.Debug|ARM.ActiveCfg = Debug|Any CPU
		{5464B5E7-6D2E-4F3C-98A9-A68B42A54054}.Debug|ARM.Build.0 = Debug|Any CPU
		{5464B5E7-6D2E-4F3C-98A9-A68B42A54054}.Debug|ARM.Deploy.0 = Debug|Any CPU
		{5464B5E7-6D2E-4F3C-98A9-A68B42A54054}.Debug|iPhone.ActiveCfg = Debug|Any CPU
		{5464B5E7-6D2E-4F3C-98A9-A68B42A54054}.Debug|iPhone.Build.0 = Debug|Any CPU
		{5464B5E7-6D2E-4F3C-98A9-A68B42A54054}.Debug|iPhone.Deploy.0 = Debug|Any CPU
		{5464B5E7-6D2E-4F3C-98A9-A68B42A54054}.Debug|iPhoneSimulator.ActiveCfg = Debug|Any CPU
		{5464B5E7-6D2E-4F3C-98A9-A68B42A54054}.Debug|iPhoneSimulator.Build.0 = Debug|Any CPU
		{5464B5E7-6D2E-4F3C-98A9-A68B42A54054}.Debug|iPhoneSimulator.Deploy.0 = Debug|Any CPU
		{5464B5E7-6D2E-4F3C-98A9-A68B42A54054}.Debug|x64.ActiveCfg = Debug|Any CPU
		{5464B5E7-6D2E-4F3C-98A9-A68B42A54054}.Debug|x64.Build.0 = Debug|Any CPU
		{5464B5E7-6D2E-4F3C-98A9-A68B42A54054}.Debug|x64.Deploy.0 = Debug|Any CPU
		{5464B5E7-6D2E-4F3C-98A9-A68B42A54054}.Debug|x86.ActiveCfg = Debug|Any CPU
		{5464B5E7-6D2E-4F3C-98A9-A68B42A54054}.Debug|x86.Build.0 = Debug|Any CPU
		{5464B5E7-6D2E-4F3C-98A9-A68B42A54054}.Debug|x86.Deploy.0 = Debug|Any CPU
		{5464B5E7-6D2E-4F3C-98A9-A68B42A54054}.Release|Any CPU.ActiveCfg = Release|Any CPU
		{5464B5E7-6D2E-4F3C-98A9-A68B42A54054}.Release|Any CPU.Build.0 = Release|Any CPU
		{5464B5E7-6D2E-4F3C-98A9-A68B42A54054}.Release|Any CPU.Deploy.0 = Release|Any CPU
		{5464B5E7-6D2E-4F3C-98A9-A68B42A54054}.Release|ARM.ActiveCfg = Release|Any CPU
		{5464B5E7-6D2E-4F3C-98A9-A68B42A54054}.Release|ARM.Build.0 = Release|Any CPU
		{5464B5E7-6D2E-4F3C-98A9-A68B42A54054}.Release|ARM.Deploy.0 = Release|Any CPU
		{5464B5E7-6D2E-4F3C-98A9-A68B42A54054}.Release|iPhone.ActiveCfg = Release|Any CPU
		{5464B5E7-6D2E-4F3C-98A9-A68B42A54054}.Release|iPhone.Build.0 = Release|Any CPU
		{5464B5E7-6D2E-4F3C-98A9-A68B42A54054}.Release|iPhone.Deploy.0 = Release|Any CPU
		{5464B5E7-6D2E-4F3C-98A9-A68B42A54054}.Release|iPhoneSimulator.ActiveCfg = Release|Any CPU
		{5464B5E7-6D2E-4F3C-98A9-A68B42A54054}.Release|iPhoneSimulator.Build.0 = Release|Any CPU
		{5464B5E7-6D2E-4F3C-98A9-A68B42A54054}.Release|iPhoneSimulator.Deploy.0 = Release|Any CPU
		{5464B5E7-6D2E-4F3C-98A9-A68B42A54054}.Release|x64.ActiveCfg = Release|Any CPU
		{5464B5E7-6D2E-4F3C-98A9-A68B42A54054}.Release|x64.Build.0 = Release|Any CPU
		{5464B5E7-6D2E-4F3C-98A9-A68B42A54054}.Release|x64.Deploy.0 = Release|Any CPU
		{5464B5E7-6D2E-4F3C-98A9-A68B42A54054}.Release|x86.ActiveCfg = Release|Any CPU
		{5464B5E7-6D2E-4F3C-98A9-A68B42A54054}.Release|x86.Build.0 = Release|Any CPU
		{5464B5E7-6D2E-4F3C-98A9-A68B42A54054}.Release|x86.Deploy.0 = Release|Any CPU
		{BE7C444D-4CEB-48D8-AE1C-B26D689F2132}.Ad-Hoc|Any CPU.ActiveCfg = Ad-Hoc|iPhone
		{BE7C444D-4CEB-48D8-AE1C-B26D689F2132}.Ad-Hoc|Any CPU.Build.0 = Ad-Hoc|iPhone
		{BE7C444D-4CEB-48D8-AE1C-B26D689F2132}.Ad-Hoc|Any CPU.Deploy.0 = Ad-Hoc|iPhone
		{BE7C444D-4CEB-48D8-AE1C-B26D689F2132}.Ad-Hoc|ARM.ActiveCfg = Ad-Hoc|iPhone
		{BE7C444D-4CEB-48D8-AE1C-B26D689F2132}.Ad-Hoc|ARM.Build.0 = Ad-Hoc|iPhone
		{BE7C444D-4CEB-48D8-AE1C-B26D689F2132}.Ad-Hoc|ARM.Deploy.0 = Ad-Hoc|iPhone
		{BE7C444D-4CEB-48D8-AE1C-B26D689F2132}.Ad-Hoc|iPhone.ActiveCfg = Ad-Hoc|iPhone
		{BE7C444D-4CEB-48D8-AE1C-B26D689F2132}.Ad-Hoc|iPhone.Build.0 = Ad-Hoc|iPhone
		{BE7C444D-4CEB-48D8-AE1C-B26D689F2132}.Ad-Hoc|iPhone.Deploy.0 = Ad-Hoc|iPhone
		{BE7C444D-4CEB-48D8-AE1C-B26D689F2132}.Ad-Hoc|iPhoneSimulator.ActiveCfg = Ad-Hoc|iPhoneSimulator
		{BE7C444D-4CEB-48D8-AE1C-B26D689F2132}.Ad-Hoc|iPhoneSimulator.Build.0 = Ad-Hoc|iPhoneSimulator
		{BE7C444D-4CEB-48D8-AE1C-B26D689F2132}.Ad-Hoc|iPhoneSimulator.Deploy.0 = Ad-Hoc|iPhoneSimulator
		{BE7C444D-4CEB-48D8-AE1C-B26D689F2132}.Ad-Hoc|x64.ActiveCfg = Ad-Hoc|iPhone
		{BE7C444D-4CEB-48D8-AE1C-B26D689F2132}.Ad-Hoc|x64.Build.0 = Ad-Hoc|iPhone
		{BE7C444D-4CEB-48D8-AE1C-B26D689F2132}.Ad-Hoc|x64.Deploy.0 = Ad-Hoc|iPhone
		{BE7C444D-4CEB-48D8-AE1C-B26D689F2132}.Ad-Hoc|x86.ActiveCfg = Ad-Hoc|iPhone
		{BE7C444D-4CEB-48D8-AE1C-B26D689F2132}.Ad-Hoc|x86.Build.0 = Ad-Hoc|iPhone
		{BE7C444D-4CEB-48D8-AE1C-B26D689F2132}.Ad-Hoc|x86.Deploy.0 = Ad-Hoc|iPhone
		{BE7C444D-4CEB-48D8-AE1C-B26D689F2132}.AppStore|Any CPU.ActiveCfg = AppStore|iPhone
		{BE7C444D-4CEB-48D8-AE1C-B26D689F2132}.AppStore|Any CPU.Build.0 = AppStore|iPhone
		{BE7C444D-4CEB-48D8-AE1C-B26D689F2132}.AppStore|Any CPU.Deploy.0 = AppStore|iPhone
		{BE7C444D-4CEB-48D8-AE1C-B26D689F2132}.AppStore|ARM.ActiveCfg = AppStore|iPhone
		{BE7C444D-4CEB-48D8-AE1C-B26D689F2132}.AppStore|ARM.Build.0 = AppStore|iPhone
		{BE7C444D-4CEB-48D8-AE1C-B26D689F2132}.AppStore|ARM.Deploy.0 = AppStore|iPhone
		{BE7C444D-4CEB-48D8-AE1C-B26D689F2132}.AppStore|iPhone.ActiveCfg = AppStore|iPhone
		{BE7C444D-4CEB-48D8-AE1C-B26D689F2132}.AppStore|iPhone.Build.0 = AppStore|iPhone
		{BE7C444D-4CEB-48D8-AE1C-B26D689F2132}.AppStore|iPhone.Deploy.0 = AppStore|iPhone
		{BE7C444D-4CEB-48D8-AE1C-B26D689F2132}.AppStore|iPhoneSimulator.ActiveCfg = AppStore|iPhoneSimulator
		{BE7C444D-4CEB-48D8-AE1C-B26D689F2132}.AppStore|iPhoneSimulator.Build.0 = AppStore|iPhoneSimulator
		{BE7C444D-4CEB-48D8-AE1C-B26D689F2132}.AppStore|iPhoneSimulator.Deploy.0 = AppStore|iPhoneSimulator
		{BE7C444D-4CEB-48D8-AE1C-B26D689F2132}.AppStore|x64.ActiveCfg = AppStore|iPhone
		{BE7C444D-4CEB-48D8-AE1C-B26D689F2132}.AppStore|x64.Build.0 = AppStore|iPhone
		{BE7C444D-4CEB-48D8-AE1C-B26D689F2132}.AppStore|x64.Deploy.0 = AppStore|iPhone
		{BE7C444D-4CEB-48D8-AE1C-B26D689F2132}.AppStore|x86.ActiveCfg = AppStore|iPhone
		{BE7C444D-4CEB-48D8-AE1C-B26D689F2132}.AppStore|x86.Build.0 = AppStore|iPhone
		{BE7C444D-4CEB-48D8-AE1C-B26D689F2132}.AppStore|x86.Deploy.0 = AppStore|iPhone
		{BE7C444D-4CEB-48D8-AE1C-B26D689F2132}.Debug|Any CPU.ActiveCfg = Debug|iPhoneSimulator
		{BE7C444D-4CEB-48D8-AE1C-B26D689F2132}.Debug|Any CPU.Build.0 = Debug|iPhoneSimulator
		{BE7C444D-4CEB-48D8-AE1C-B26D689F2132}.Debug|Any CPU.Deploy.0 = Debug|iPhoneSimulator
		{BE7C444D-4CEB-48D8-AE1C-B26D689F2132}.Debug|ARM.ActiveCfg = Debug|iPhone
		{BE7C444D-4CEB-48D8-AE1C-B26D689F2132}.Debug|ARM.Build.0 = Debug|iPhone
		{BE7C444D-4CEB-48D8-AE1C-B26D689F2132}.Debug|ARM.Deploy.0 = Debug|iPhone
		{BE7C444D-4CEB-48D8-AE1C-B26D689F2132}.Debug|iPhone.ActiveCfg = Debug|iPhone
		{BE7C444D-4CEB-48D8-AE1C-B26D689F2132}.Debug|iPhone.Build.0 = Debug|iPhone
		{BE7C444D-4CEB-48D8-AE1C-B26D689F2132}.Debug|iPhone.Deploy.0 = Debug|iPhone
		{BE7C444D-4CEB-48D8-AE1C-B26D689F2132}.Debug|iPhoneSimulator.ActiveCfg = Debug|iPhoneSimulator
		{BE7C444D-4CEB-48D8-AE1C-B26D689F2132}.Debug|iPhoneSimulator.Build.0 = Debug|iPhoneSimulator
		{BE7C444D-4CEB-48D8-AE1C-B26D689F2132}.Debug|iPhoneSimulator.Deploy.0 = Debug|iPhoneSimulator
		{BE7C444D-4CEB-48D8-AE1C-B26D689F2132}.Debug|x64.ActiveCfg = Debug|iPhone
		{BE7C444D-4CEB-48D8-AE1C-B26D689F2132}.Debug|x64.Build.0 = Debug|iPhone
		{BE7C444D-4CEB-48D8-AE1C-B26D689F2132}.Debug|x64.Deploy.0 = Debug|iPhone
		{BE7C444D-4CEB-48D8-AE1C-B26D689F2132}.Debug|x86.ActiveCfg = Debug|iPhone
		{BE7C444D-4CEB-48D8-AE1C-B26D689F2132}.Debug|x86.Build.0 = Debug|iPhone
		{BE7C444D-4CEB-48D8-AE1C-B26D689F2132}.Debug|x86.Deploy.0 = Debug|iPhone
		{BE7C444D-4CEB-48D8-AE1C-B26D689F2132}.Release|Any CPU.ActiveCfg = Release|iPhone
		{BE7C444D-4CEB-48D8-AE1C-B26D689F2132}.Release|Any CPU.Build.0 = Release|iPhone
		{BE7C444D-4CEB-48D8-AE1C-B26D689F2132}.Release|Any CPU.Deploy.0 = Release|iPhone
		{BE7C444D-4CEB-48D8-AE1C-B26D689F2132}.Release|ARM.ActiveCfg = Release|iPhone
		{BE7C444D-4CEB-48D8-AE1C-B26D689F2132}.Release|ARM.Build.0 = Release|iPhone
		{BE7C444D-4CEB-48D8-AE1C-B26D689F2132}.Release|ARM.Deploy.0 = Release|iPhone
		{BE7C444D-4CEB-48D8-AE1C-B26D689F2132}.Release|iPhone.ActiveCfg = Release|iPhone
		{BE7C444D-4CEB-48D8-AE1C-B26D689F2132}.Release|iPhone.Build.0 = Release|iPhone
		{BE7C444D-4CEB-48D8-AE1C-B26D689F2132}.Release|iPhone.Deploy.0 = Release|iPhone
		{BE7C444D-4CEB-48D8-AE1C-B26D689F2132}.Release|iPhoneSimulator.ActiveCfg = Release|iPhoneSimulator
		{BE7C444D-4CEB-48D8-AE1C-B26D689F2132}.Release|iPhoneSimulator.Build.0 = Release|iPhoneSimulator
		{BE7C444D-4CEB-48D8-AE1C-B26D689F2132}.Release|iPhoneSimulator.Deploy.0 = Release|iPhoneSimulator
		{BE7C444D-4CEB-48D8-AE1C-B26D689F2132}.Release|x64.ActiveCfg = Release|iPhone
		{BE7C444D-4CEB-48D8-AE1C-B26D689F2132}.Release|x64.Build.0 = Release|iPhone
		{BE7C444D-4CEB-48D8-AE1C-B26D689F2132}.Release|x64.Deploy.0 = Release|iPhone
		{BE7C444D-4CEB-48D8-AE1C-B26D689F2132}.Release|x86.ActiveCfg = Release|iPhone
		{BE7C444D-4CEB-48D8-AE1C-B26D689F2132}.Release|x86.Build.0 = Release|iPhone
		{BE7C444D-4CEB-48D8-AE1C-B26D689F2132}.Release|x86.Deploy.0 = Release|iPhone
		{BACD526B-B944-4D6C-A9BF-E21160FCA3AD}.Ad-Hoc|Any CPU.ActiveCfg = Release|x86
		{BACD526B-B944-4D6C-A9BF-E21160FCA3AD}.Ad-Hoc|Any CPU.Build.0 = Release|x86
		{BACD526B-B944-4D6C-A9BF-E21160FCA3AD}.Ad-Hoc|Any CPU.Deploy.0 = Release|x86
		{BACD526B-B944-4D6C-A9BF-E21160FCA3AD}.Ad-Hoc|ARM.ActiveCfg = Release|ARM
		{BACD526B-B944-4D6C-A9BF-E21160FCA3AD}.Ad-Hoc|ARM.Build.0 = Release|ARM
		{BACD526B-B944-4D6C-A9BF-E21160FCA3AD}.Ad-Hoc|ARM.Deploy.0 = Release|ARM
		{BACD526B-B944-4D6C-A9BF-E21160FCA3AD}.Ad-Hoc|iPhone.ActiveCfg = Release|x86
		{BACD526B-B944-4D6C-A9BF-E21160FCA3AD}.Ad-Hoc|iPhone.Build.0 = Release|x86
		{BACD526B-B944-4D6C-A9BF-E21160FCA3AD}.Ad-Hoc|iPhone.Deploy.0 = Release|x86
		{BACD526B-B944-4D6C-A9BF-E21160FCA3AD}.Ad-Hoc|iPhoneSimulator.ActiveCfg = Release|x86
		{BACD526B-B944-4D6C-A9BF-E21160FCA3AD}.Ad-Hoc|iPhoneSimulator.Build.0 = Release|x86
		{BACD526B-B944-4D6C-A9BF-E21160FCA3AD}.Ad-Hoc|iPhoneSimulator.Deploy.0 = Release|x86
		{BACD526B-B944-4D6C-A9BF-E21160FCA3AD}.Ad-Hoc|x64.ActiveCfg = Release|x64
		{BACD526B-B944-4D6C-A9BF-E21160FCA3AD}.Ad-Hoc|x64.Build.0 = Release|x64
		{BACD526B-B944-4D6C-A9BF-E21160FCA3AD}.Ad-Hoc|x64.Deploy.0 = Release|x64
		{BACD526B-B944-4D6C-A9BF-E21160FCA3AD}.Ad-Hoc|x86.ActiveCfg = Release|x86
		{BACD526B-B944-4D6C-A9BF-E21160FCA3AD}.Ad-Hoc|x86.Build.0 = Release|x86
		{BACD526B-B944-4D6C-A9BF-E21160FCA3AD}.Ad-Hoc|x86.Deploy.0 = Release|x86
		{BACD526B-B944-4D6C-A9BF-E21160FCA3AD}.AppStore|Any CPU.ActiveCfg = Release|x86
		{BACD526B-B944-4D6C-A9BF-E21160FCA3AD}.AppStore|Any CPU.Build.0 = Release|x86
		{BACD526B-B944-4D6C-A9BF-E21160FCA3AD}.AppStore|Any CPU.Deploy.0 = Release|x86
		{BACD526B-B944-4D6C-A9BF-E21160FCA3AD}.AppStore|ARM.ActiveCfg = Release|ARM
		{BACD526B-B944-4D6C-A9BF-E21160FCA3AD}.AppStore|ARM.Build.0 = Release|ARM
		{BACD526B-B944-4D6C-A9BF-E21160FCA3AD}.AppStore|ARM.Deploy.0 = Release|ARM
		{BACD526B-B944-4D6C-A9BF-E21160FCA3AD}.AppStore|iPhone.ActiveCfg = Release|x86
		{BACD526B-B944-4D6C-A9BF-E21160FCA3AD}.AppStore|iPhone.Build.0 = Release|x86
		{BACD526B-B944-4D6C-A9BF-E21160FCA3AD}.AppStore|iPhone.Deploy.0 = Release|x86
		{BACD526B-B944-4D6C-A9BF-E21160FCA3AD}.AppStore|iPhoneSimulator.ActiveCfg = Release|x86
		{BACD526B-B944-4D6C-A9BF-E21160FCA3AD}.AppStore|iPhoneSimulator.Build.0 = Release|x86
		{BACD526B-B944-4D6C-A9BF-E21160FCA3AD}.AppStore|iPhoneSimulator.Deploy.0 = Release|x86
		{BACD526B-B944-4D6C-A9BF-E21160FCA3AD}.AppStore|x64.ActiveCfg = Release|x64
		{BACD526B-B944-4D6C-A9BF-E21160FCA3AD}.AppStore|x64.Build.0 = Release|x64
		{BACD526B-B944-4D6C-A9BF-E21160FCA3AD}.AppStore|x64.Deploy.0 = Release|x64
		{BACD526B-B944-4D6C-A9BF-E21160FCA3AD}.AppStore|x86.ActiveCfg = Release|x86
		{BACD526B-B944-4D6C-A9BF-E21160FCA3AD}.AppStore|x86.Build.0 = Release|x86
		{BACD526B-B944-4D6C-A9BF-E21160FCA3AD}.AppStore|x86.Deploy.0 = Release|x86
		{BACD526B-B944-4D6C-A9BF-E21160FCA3AD}.Debug|Any CPU.ActiveCfg = Debug|x86
		{BACD526B-B944-4D6C-A9BF-E21160FCA3AD}.Debug|Any CPU.Build.0 = Debug|x86
		{BACD526B-B944-4D6C-A9BF-E21160FCA3AD}.Debug|Any CPU.Deploy.0 = Debug|x86
		{BACD526B-B944-4D6C-A9BF-E21160FCA3AD}.Debug|ARM.ActiveCfg = Debug|ARM
		{BACD526B-B944-4D6C-A9BF-E21160FCA3AD}.Debug|ARM.Build.0 = Debug|ARM
		{BACD526B-B944-4D6C-A9BF-E21160FCA3AD}.Debug|ARM.Deploy.0 = Debug|ARM
		{BACD526B-B944-4D6C-A9BF-E21160FCA3AD}.Debug|iPhone.ActiveCfg = Debug|x86
		{BACD526B-B944-4D6C-A9BF-E21160FCA3AD}.Debug|iPhone.Build.0 = Debug|x86
		{BACD526B-B944-4D6C-A9BF-E21160FCA3AD}.Debug|iPhone.Deploy.0 = Debug|x86
		{BACD526B-B944-4D6C-A9BF-E21160FCA3AD}.Debug|iPhoneSimulator.ActiveCfg = Debug|x86
		{BACD526B-B944-4D6C-A9BF-E21160FCA3AD}.Debug|iPhoneSimulator.Build.0 = Debug|x86
		{BACD526B-B944-4D6C-A9BF-E21160FCA3AD}.Debug|iPhoneSimulator.Deploy.0 = Debug|x86
		{BACD526B-B944-4D6C-A9BF-E21160FCA3AD}.Debug|x64.ActiveCfg = Debug|x64
		{BACD526B-B944-4D6C-A9BF-E21160FCA3AD}.Debug|x64.Build.0 = Debug|x64
		{BACD526B-B944-4D6C-A9BF-E21160FCA3AD}.Debug|x64.Deploy.0 = Debug|x64
		{BACD526B-B944-4D6C-A9BF-E21160FCA3AD}.Debug|x86.ActiveCfg = Debug|x86
		{BACD526B-B944-4D6C-A9BF-E21160FCA3AD}.Debug|x86.Build.0 = Debug|x86
		{BACD526B-B944-4D6C-A9BF-E21160FCA3AD}.Debug|x86.Deploy.0 = Debug|x86
		{BACD526B-B944-4D6C-A9BF-E21160FCA3AD}.Release|Any CPU.ActiveCfg = Release|x86
		{BACD526B-B944-4D6C-A9BF-E21160FCA3AD}.Release|Any CPU.Build.0 = Release|x86
		{BACD526B-B944-4D6C-A9BF-E21160FCA3AD}.Release|Any CPU.Deploy.0 = Release|x86
		{BACD526B-B944-4D6C-A9BF-E21160FCA3AD}.Release|ARM.ActiveCfg = Release|ARM
		{BACD526B-B944-4D6C-A9BF-E21160FCA3AD}.Release|ARM.Build.0 = Release|ARM
		{BACD526B-B944-4D6C-A9BF-E21160FCA3AD}.Release|ARM.Deploy.0 = Release|ARM
		{BACD526B-B944-4D6C-A9BF-E21160FCA3AD}.Release|iPhone.ActiveCfg = Release|x86
		{BACD526B-B944-4D6C-A9BF-E21160FCA3AD}.Release|iPhone.Build.0 = Release|x86
		{BACD526B-B944-4D6C-A9BF-E21160FCA3AD}.Release|iPhone.Deploy.0 = Release|x86
		{BACD526B-B944-4D6C-A9BF-E21160FCA3AD}.Release|iPhoneSimulator.ActiveCfg = Release|x86
		{BACD526B-B944-4D6C-A9BF-E21160FCA3AD}.Release|iPhoneSimulator.Build.0 = Release|x86
		{BACD526B-B944-4D6C-A9BF-E21160FCA3AD}.Release|iPhoneSimulator.Deploy.0 = Release|x86
		{BACD526B-B944-4D6C-A9BF-E21160FCA3AD}.Release|x64.ActiveCfg = Release|x64
		{BACD526B-B944-4D6C-A9BF-E21160FCA3AD}.Release|x64.Build.0 = Release|x64
		{BACD526B-B944-4D6C-A9BF-E21160FCA3AD}.Release|x64.Deploy.0 = Release|x64
		{BACD526B-B944-4D6C-A9BF-E21160FCA3AD}.Release|x86.ActiveCfg = Release|x86
		{BACD526B-B944-4D6C-A9BF-E21160FCA3AD}.Release|x86.Build.0 = Release|x86
		{BACD526B-B944-4D6C-A9BF-E21160FCA3AD}.Release|x86.Deploy.0 = Release|x86
		{A7225EF6-FB32-48E1-8287-E0A809DC7724}.Ad-Hoc|Any CPU.ActiveCfg = Debug|Any CPU
		{A7225EF6-FB32-48E1-8287-E0A809DC7724}.Ad-Hoc|Any CPU.Build.0 = Debug|Any CPU
		{A7225EF6-FB32-48E1-8287-E0A809DC7724}.Ad-Hoc|Any CPU.Deploy.0 = Debug|Any CPU
		{A7225EF6-FB32-48E1-8287-E0A809DC7724}.Ad-Hoc|ARM.ActiveCfg = Debug|Any CPU
		{A7225EF6-FB32-48E1-8287-E0A809DC7724}.Ad-Hoc|ARM.Build.0 = Debug|Any CPU
		{A7225EF6-FB32-48E1-8287-E0A809DC7724}.Ad-Hoc|ARM.Deploy.0 = Debug|Any CPU
		{A7225EF6-FB32-48E1-8287-E0A809DC7724}.Ad-Hoc|iPhone.ActiveCfg = Debug|Any CPU
		{A7225EF6-FB32-48E1-8287-E0A809DC7724}.Ad-Hoc|iPhone.Build.0 = Debug|Any CPU
		{A7225EF6-FB32-48E1-8287-E0A809DC7724}.Ad-Hoc|iPhone.Deploy.0 = Debug|Any CPU
		{A7225EF6-FB32-48E1-8287-E0A809DC7724}.Ad-Hoc|iPhoneSimulator.ActiveCfg = Debug|Any CPU
		{A7225EF6-FB32-48E1-8287-E0A809DC7724}.Ad-Hoc|iPhoneSimulator.Build.0 = Debug|Any CPU
		{A7225EF6-FB32-48E1-8287-E0A809DC7724}.Ad-Hoc|iPhoneSimulator.Deploy.0 = Debug|Any CPU
		{A7225EF6-FB32-48E1-8287-E0A809DC7724}.Ad-Hoc|x64.ActiveCfg = Debug|Any CPU
		{A7225EF6-FB32-48E1-8287-E0A809DC7724}.Ad-Hoc|x64.Build.0 = Debug|Any CPU
		{A7225EF6-FB32-48E1-8287-E0A809DC7724}.Ad-Hoc|x64.Deploy.0 = Debug|Any CPU
		{A7225EF6-FB32-48E1-8287-E0A809DC7724}.Ad-Hoc|x86.ActiveCfg = Debug|Any CPU
		{A7225EF6-FB32-48E1-8287-E0A809DC7724}.Ad-Hoc|x86.Build.0 = Debug|Any CPU
		{A7225EF6-FB32-48E1-8287-E0A809DC7724}.Ad-Hoc|x86.Deploy.0 = Debug|Any CPU
		{A7225EF6-FB32-48E1-8287-E0A809DC7724}.AppStore|Any CPU.ActiveCfg = Debug|Any CPU
		{A7225EF6-FB32-48E1-8287-E0A809DC7724}.AppStore|Any CPU.Build.0 = Debug|Any CPU
		{A7225EF6-FB32-48E1-8287-E0A809DC7724}.AppStore|Any CPU.Deploy.0 = Debug|Any CPU
		{A7225EF6-FB32-48E1-8287-E0A809DC7724}.AppStore|ARM.ActiveCfg = Debug|Any CPU
		{A7225EF6-FB32-48E1-8287-E0A809DC7724}.AppStore|ARM.Build.0 = Debug|Any CPU
		{A7225EF6-FB32-48E1-8287-E0A809DC7724}.AppStore|ARM.Deploy.0 = Debug|Any CPU
		{A7225EF6-FB32-48E1-8287-E0A809DC7724}.AppStore|iPhone.ActiveCfg = Debug|Any CPU
		{A7225EF6-FB32-48E1-8287-E0A809DC7724}.AppStore|iPhone.Build.0 = Debug|Any CPU
		{A7225EF6-FB32-48E1-8287-E0A809DC7724}.AppStore|iPhone.Deploy.0 = Debug|Any CPU
		{A7225EF6-FB32-48E1-8287-E0A809DC7724}.AppStore|iPhoneSimulator.ActiveCfg = Debug|Any CPU
		{A7225EF6-FB32-48E1-8287-E0A809DC7724}.AppStore|iPhoneSimulator.Build.0 = Debug|Any CPU
		{A7225EF6-FB32-48E1-8287-E0A809DC7724}.AppStore|iPhoneSimulator.Deploy.0 = Debug|Any CPU
		{A7225EF6-FB32-48E1-8287-E0A809DC7724}.AppStore|x64.ActiveCfg = Debug|Any CPU
		{A7225EF6-FB32-48E1-8287-E0A809DC7724}.AppStore|x64.Build.0 = Debug|Any CPU
		{A7225EF6-FB32-48E1-8287-E0A809DC7724}.AppStore|x64.Deploy.0 = Debug|Any CPU
		{A7225EF6-FB32-48E1-8287-E0A809DC7724}.AppStore|x86.ActiveCfg = Debug|Any CPU
		{A7225EF6-FB32-48E1-8287-E0A809DC7724}.AppStore|x86.Build.0 = Debug|Any CPU
		{A7225EF6-FB32-48E1-8287-E0A809DC7724}.AppStore|x86.Deploy.0 = Debug|Any CPU
		{A7225EF6-FB32-48E1-8287-E0A809DC7724}.Debug|Any CPU.ActiveCfg = Debug|Any CPU
		{A7225EF6-FB32-48E1-8287-E0A809DC7724}.Debug|Any CPU.Build.0 = Debug|Any CPU
		{A7225EF6-FB32-48E1-8287-E0A809DC7724}.Debug|Any CPU.Deploy.0 = Debug|Any CPU
		{A7225EF6-FB32-48E1-8287-E0A809DC7724}.Debug|ARM.ActiveCfg = Debug|Any CPU
		{A7225EF6-FB32-48E1-8287-E0A809DC7724}.Debug|ARM.Build.0 = Debug|Any CPU
		{A7225EF6-FB32-48E1-8287-E0A809DC7724}.Debug|ARM.Deploy.0 = Debug|Any CPU
		{A7225EF6-FB32-48E1-8287-E0A809DC7724}.Debug|iPhone.ActiveCfg = Debug|Any CPU
		{A7225EF6-FB32-48E1-8287-E0A809DC7724}.Debug|iPhone.Build.0 = Debug|Any CPU
		{A7225EF6-FB32-48E1-8287-E0A809DC7724}.Debug|iPhone.Deploy.0 = Debug|Any CPU
		{A7225EF6-FB32-48E1-8287-E0A809DC7724}.Debug|iPhoneSimulator.ActiveCfg = Debug|Any CPU
		{A7225EF6-FB32-48E1-8287-E0A809DC7724}.Debug|iPhoneSimulator.Build.0 = Debug|Any CPU
		{A7225EF6-FB32-48E1-8287-E0A809DC7724}.Debug|iPhoneSimulator.Deploy.0 = Debug|Any CPU
		{A7225EF6-FB32-48E1-8287-E0A809DC7724}.Debug|x64.ActiveCfg = Debug|Any CPU
		{A7225EF6-FB32-48E1-8287-E0A809DC7724}.Debug|x64.Build.0 = Debug|Any CPU
		{A7225EF6-FB32-48E1-8287-E0A809DC7724}.Debug|x64.Deploy.0 = Debug|Any CPU
		{A7225EF6-FB32-48E1-8287-E0A809DC7724}.Debug|x86.ActiveCfg = Debug|Any CPU
		{A7225EF6-FB32-48E1-8287-E0A809DC7724}.Debug|x86.Build.0 = Debug|Any CPU
		{A7225EF6-FB32-48E1-8287-E0A809DC7724}.Debug|x86.Deploy.0 = Debug|Any CPU
		{A7225EF6-FB32-48E1-8287-E0A809DC7724}.Release|Any CPU.ActiveCfg = Release|Any CPU
		{A7225EF6-FB32-48E1-8287-E0A809DC7724}.Release|Any CPU.Build.0 = Release|Any CPU
		{A7225EF6-FB32-48E1-8287-E0A809DC7724}.Release|Any CPU.Deploy.0 = Release|Any CPU
		{A7225EF6-FB32-48E1-8287-E0A809DC7724}.Release|ARM.ActiveCfg = Release|Any CPU
		{A7225EF6-FB32-48E1-8287-E0A809DC7724}.Release|ARM.Build.0 = Release|Any CPU
		{A7225EF6-FB32-48E1-8287-E0A809DC7724}.Release|ARM.Deploy.0 = Release|Any CPU
		{A7225EF6-FB32-48E1-8287-E0A809DC7724}.Release|iPhone.ActiveCfg = Release|Any CPU
		{A7225EF6-FB32-48E1-8287-E0A809DC7724}.Release|iPhone.Build.0 = Release|Any CPU
		{A7225EF6-FB32-48E1-8287-E0A809DC7724}.Release|iPhone.Deploy.0 = Release|Any CPU
		{A7225EF6-FB32-48E1-8287-E0A809DC7724}.Release|iPhoneSimulator.ActiveCfg = Release|Any CPU
		{A7225EF6-FB32-48E1-8287-E0A809DC7724}.Release|iPhoneSimulator.Build.0 = Release|Any CPU
		{A7225EF6-FB32-48E1-8287-E0A809DC7724}.Release|iPhoneSimulator.Deploy.0 = Release|Any CPU
		{A7225EF6-FB32-48E1-8287-E0A809DC7724}.Release|x64.ActiveCfg = Release|Any CPU
		{A7225EF6-FB32-48E1-8287-E0A809DC7724}.Release|x64.Build.0 = Release|Any CPU
		{A7225EF6-FB32-48E1-8287-E0A809DC7724}.Release|x64.Deploy.0 = Release|Any CPU
		{A7225EF6-FB32-48E1-8287-E0A809DC7724}.Release|x86.ActiveCfg = Release|Any CPU
		{A7225EF6-FB32-48E1-8287-E0A809DC7724}.Release|x86.Build.0 = Release|Any CPU
		{A7225EF6-FB32-48E1-8287-E0A809DC7724}.Release|x86.Deploy.0 = Release|Any CPU
	EndGlobalSection
	GlobalSection(SolutionProperties) = preSolution
		HideSolutionNode = FALSE
	EndGlobalSection
	GlobalSection(ExtensibilityGlobals) = postSolution
		SolutionGuid = {11524B55-976C-4BC1-B1F6-C306B76442DA}
	EndGlobalSection
EndGlobal
